
Microsoft Visual Studio Solution File, Format Version 12.00
# Visual Studio Version 17
VisualStudioVersion = 17.6.33815.320
MinimumVisualStudioVersion = 10.0.40219.1
Project("{FAE04EC0-301F-11D3-BF4B-00C04F79EFBC}") = "BooksNET6API", "BooksNET6API\BooksNET6API.csproj", "{D5D25B8B-DF09-46BD-A6B7-15800E7FC6E3}"
EndProject
Project("{FAE04EC0-301F-11D3-BF4B-00C04F79EFBC}") = "BooksNET6API.UnitTests", "BooksNET6API.UnitTests\BooksNET6API.UnitTests.csproj", "{2D61C980-F8BE-4C18-90D9-9E5BFE52FDB7}"
EndProject
Global
	GlobalSection(SolutionConfigurationPlatforms) = preSolution
		Debug|Any CPU = Debug|Any CPU
		Release|Any CPU = Release|Any CPU
	EndGlobalSection
	GlobalSection(ProjectConfigurationPlatforms) = postSolution
		{D5D25B8B-DF09-46BD-A6B7-15800E7FC6E3}.Debug|Any CPU.ActiveCfg = Debug|Any CPU
		{D5D25B8B-DF09-46BD-A6B7-15800E7FC6E3}.Debug|Any CPU.Build.0 = Debug|Any CPU
		{D5D25B8B-DF09-46BD-A6B7-15800E7FC6E3}.Release|Any CPU.ActiveCfg = Release|Any CPU
		{D5D25B8B-DF09-46BD-A6B7-15800E7FC6E3}.Release|Any CPU.Build.0 = Release|Any CPU
		{2D61C980-F8BE-4C18-90D9-9E5BFE52FDB7}.Debug|Any CPU.ActiveCfg = Debug|Any CPU
		{2D61C980-F8BE-4C18-90D9-9E5BFE52FDB7}.Debug|Any CPU.Build.0 = Debug|Any CPU
		{2D61C980-F8BE-4C18-90D9-9E5BFE52FDB7}.Release|Any CPU.ActiveCfg = Release|Any CPU
		{2D61C980-F8BE-4C18-90D9-9E5BFE52FDB7}.Release|Any CPU.Build.0 = Release|Any CPU
	EndGlobalSection
	GlobalSection(SolutionProperties) = preSolution
		HideSolutionNode = FALSE
	EndGlobalSection
	GlobalSection(ExtensibilityGlobals) = postSolution
		SolutionGuid = {C71AA314-2E74-47D0-9C7A-5E29D77F4D8C}
	EndGlobalSection
EndGlobal
